
Microsoft Visual Studio Solution File, Format Version 12.00
# Visual Studio 15
VisualStudioVersion = 15.0.27130.2027
MinimumVisualStudioVersion = 10.0.40219.1
Project("{FAE04EC0-301F-11D3-BF4B-00C04F79EFBC}") = "UserLikeActions", "UserLikeActions\UserLikeActions.csproj", "{6340A5EC-C82E-41A2-8699-839376F53D78}"
EndProject
Global
	GlobalSection(SolutionConfigurationPlatforms) = preSolution
		Debug|Any CPU = Debug|Any CPU
		Release|Any CPU = Release|Any CPU
	EndGlobalSection
	GlobalSection(ProjectConfigurationPlatforms) = postSolution
		{6340A5EC-C82E-41A2-8699-839376F53D78}.Debug|Any CPU.ActiveCfg = Debug|Any CPU
		{6340A5EC-C82E-41A2-8699-839376F53D78}.Debug|Any CPU.Build.0 = Debug|Any CPU
		{6340A5EC-C82E-41A2-8699-839376F53D78}.Release|Any CPU.ActiveCfg = Release|Any CPU
		{6340A5EC-C82E-41A2-8699-839376F53D78}.Release|Any CPU.Build.0 = Release|Any CPU
	EndGlobalSection
	GlobalSection(SolutionProperties) = preSolution
		HideSolutionNode = FALSE
	EndGlobalSection
	GlobalSection(ExtensibilityGlobals) = postSolution
		SolutionGuid = {18C22FBF-606C-40BF-86E5-8FF53C9460C5}
	EndGlobalSection
EndGlobal
