
Microsoft Visual Studio Solution File, Format Version 12.00
# Visual Studio 15
VisualStudioVersion = 15.0.27130.2027
MinimumVisualStudioVersion = 10.0.40219.1
Project("{FAE04EC0-301F-11D3-BF4B-00C04F79EFBC}") = "SetupEnvironment", "SetupEnvironment\SetupEnvironment.csproj", "{158E66A1-BEA9-4A21-A362-57AFB2553E25}"
EndProject
Global
	GlobalSection(SolutionConfigurationPlatforms) = preSolution
		Debug|Any CPU = Debug|Any CPU
		Release|Any CPU = Release|Any CPU
	EndGlobalSection
	GlobalSection(ProjectConfigurationPlatforms) = postSolution
		{158E66A1-BEA9-4A21-A362-57AFB2553E25}.Debug|Any CPU.ActiveCfg = Debug|Any CPU
		{158E66A1-BEA9-4A21-A362-57AFB2553E25}.Debug|Any CPU.Build.0 = Debug|Any CPU
		{158E66A1-BEA9-4A21-A362-57AFB2553E25}.Release|Any CPU.ActiveCfg = Release|Any CPU
		{158E66A1-BEA9-4A21-A362-57AFB2553E25}.Release|Any CPU.Build.0 = Release|Any CPU
	EndGlobalSection
	GlobalSection(SolutionProperties) = preSolution
		HideSolutionNode = FALSE
	EndGlobalSection
	GlobalSection(ExtensibilityGlobals) = postSolution
		SolutionGuid = {A22B38AD-C8B4-4ECE-8BD1-21B22F9BA41E}
	EndGlobalSection
EndGlobal
