
Microsoft Visual Studio Solution File, Format Version 12.00
# Visual Studio 15
VisualStudioVersion = 15.0.27130.2027
MinimumVisualStudioVersion = 10.0.40219.1
Project("{FAE04EC0-301F-11D3-BF4B-00C04F79EFBC}") = "ElementLocations", "ElementLocations\ElementLocations.csproj", "{C85EABB0-2318-4B89-A812-19C51EABADBF}"
EndProject
Global
	GlobalSection(SolutionConfigurationPlatforms) = preSolution
		Debug|Any CPU = Debug|Any CPU
		Release|Any CPU = Release|Any CPU
	EndGlobalSection
	GlobalSection(ProjectConfigurationPlatforms) = postSolution
		{C85EABB0-2318-4B89-A812-19C51EABADBF}.Debug|Any CPU.ActiveCfg = Debug|Any CPU
		{C85EABB0-2318-4B89-A812-19C51EABADBF}.Debug|Any CPU.Build.0 = Debug|Any CPU
		{C85EABB0-2318-4B89-A812-19C51EABADBF}.Release|Any CPU.ActiveCfg = Release|Any CPU
		{C85EABB0-2318-4B89-A812-19C51EABADBF}.Release|Any CPU.Build.0 = Release|Any CPU
	EndGlobalSection
	GlobalSection(SolutionProperties) = preSolution
		HideSolutionNode = FALSE
	EndGlobalSection
	GlobalSection(ExtensibilityGlobals) = postSolution
		SolutionGuid = {71AB04AD-D1E1-4D28-8A64-4EB60FE11E11}
	EndGlobalSection
EndGlobal
